
Microsoft Visual Studio Solution File, Format Version 11.00
# Visual Studio 2010
Project("{FAE04EC0-301F-11D3-BF4B-00C04F79EFBC}") = "Assembly-CSharp", "Assembly-CSharp.csproj", "{f4292508-529e-22ea-7d78-ca25d7af3b8a}"
EndProject
Project("{FAE04EC0-301F-11D3-BF4B-00C04F79EFBC}") = "Assembly-CSharp-Editor", "Assembly-CSharp-Editor.csproj", "{55b61e41-7dd7-5918-c781-358a472bd8bf}"
EndProject
Global
	GlobalSection(SolutionConfigurationPlatforms) = preSolution
		Debug|Any CPU = Debug|Any CPU
	EndGlobalSection
	GlobalSection(ProjectConfigurationPlatforms) = postSolution
		{f4292508-529e-22ea-7d78-ca25d7af3b8a}.Debug|Any CPU.ActiveCfg = Debug|Any CPU
		{f4292508-529e-22ea-7d78-ca25d7af3b8a}.Debug|Any CPU.Build.0 = Debug|Any CPU
		{55b61e41-7dd7-5918-c781-358a472bd8bf}.Debug|Any CPU.ActiveCfg = Debug|Any CPU
		{55b61e41-7dd7-5918-c781-358a472bd8bf}.Debug|Any CPU.Build.0 = Debug|Any CPU
	EndGlobalSection
	GlobalSection(SolutionProperties) = preSolution
		HideSolutionNode = FALSE
	EndGlobalSection
EndGlobal
